// !$*UTF8*$!
{
	archiveVersion = 1;
	classes = {
	};
	objectVersion = 55;
	objects = {

/* Begin PBXBuildFile section */
		875FEB26280E1B5200915661 /* GFButton.swift in Sources */ = {isa = PBXBuildFile; fileRef = 875FEB25280E1B5200915661 /* GFButton.swift */; };
		875FEB28280E1F0200915661 /* GFTextField.swift in Sources */ = {isa = PBXBuildFile; fileRef = 875FEB27280E1F0200915661 /* GFTextField.swift */; };
		875FEB2A280E34BC00915661 /* FollowerListViewController.swift in Sources */ = {isa = PBXBuildFile; fileRef = 875FEB29280E34BC00915661 /* FollowerListViewController.swift */; };
		875FEB2C280E39A600915661 /* StringExtension.swift in Sources */ = {isa = PBXBuildFile; fileRef = 875FEB2B280E39A600915661 /* StringExtension.swift */; };
		875FEB2E280E6CF200915661 /* GFTitleLabel.swift in Sources */ = {isa = PBXBuildFile; fileRef = 875FEB2D280E6CF200915661 /* GFTitleLabel.swift */; };
		875FEB30280E70FA00915661 /* GFBodyLabel.swift in Sources */ = {isa = PBXBuildFile; fileRef = 875FEB2F280E70FA00915661 /* GFBodyLabel.swift */; };
		875FEB32280E753300915661 /* GFAlertVC.swift in Sources */ = {isa = PBXBuildFile; fileRef = 875FEB31280E753300915661 /* GFAlertVC.swift */; };
		875FEB34280E923B00915661 /* UIViewController+Ext.swift in Sources */ = {isa = PBXBuildFile; fileRef = 875FEB33280E923B00915661 /* UIViewController+Ext.swift */; };
		875FEB3A280F2E8100915661 /* ContainerView.swift in Sources */ = {isa = PBXBuildFile; fileRef = 875FEB39280F2E8100915661 /* ContainerView.swift */; };
		87BCEB93280CE89900A66D96 /* AppDelegate.swift in Sources */ = {isa = PBXBuildFile; fileRef = 87BCEB92280CE89900A66D96 /* AppDelegate.swift */; };
		87BCEB95280CE89900A66D96 /* SceneDelegate.swift in Sources */ = {isa = PBXBuildFile; fileRef = 87BCEB94280CE89900A66D96 /* SceneDelegate.swift */; };
		87BCEB97280CE89900A66D96 /* ViewController.swift in Sources */ = {isa = PBXBuildFile; fileRef = 87BCEB96280CE89900A66D96 /* ViewController.swift */; };
		87BCEB9C280CE89A00A66D96 /* Assets.xcassets in Resources */ = {isa = PBXBuildFile; fileRef = 87BCEB9B280CE89A00A66D96 /* Assets.xcassets */; };
		87BCEB9F280CE89A00A66D96 /* LaunchScreen.storyboard in Resources */ = {isa = PBXBuildFile; fileRef = 87BCEB9D280CE89A00A66D96 /* LaunchScreen.storyboard */; };
		87BCEBA7280CF0AE00A66D96 /* SearchViewController.swift in Sources */ = {isa = PBXBuildFile; fileRef = 87BCEBA6280CF0AE00A66D96 /* SearchViewController.swift */; };
		87BCEBA9280CF0DB00A66D96 /* FavListViewController.swift in Sources */ = {isa = PBXBuildFile; fileRef = 87BCEBA8280CF0DB00A66D96 /* FavListViewController.swift */; };
/* End PBXBuildFile section */

/* Begin PBXFileReference section */
		875FEB25280E1B5200915661 /* GFButton.swift */ = {isa = PBXFileReference; lastKnownFileType = sourcecode.swift; path = GFButton.swift; sourceTree = "<group>"; };
		875FEB27280E1F0200915661 /* GFTextField.swift */ = {isa = PBXFileReference; lastKnownFileType = sourcecode.swift; path = GFTextField.swift; sourceTree = "<group>"; };
		875FEB29280E34BC00915661 /* FollowerListViewController.swift */ = {isa = PBXFileReference; lastKnownFileType = sourcecode.swift; path = FollowerListViewController.swift; sourceTree = "<group>"; };
		875FEB2B280E39A600915661 /* StringExtension.swift */ = {isa = PBXFileReference; lastKnownFileType = sourcecode.swift; path = StringExtension.swift; sourceTree = "<group>"; };
		875FEB2D280E6CF200915661 /* GFTitleLabel.swift */ = {isa = PBXFileReference; lastKnownFileType = sourcecode.swift; path = GFTitleLabel.swift; sourceTree = "<group>"; };
		875FEB2F280E70FA00915661 /* GFBodyLabel.swift */ = {isa = PBXFileReference; lastKnownFileType = sourcecode.swift; path = GFBodyLabel.swift; sourceTree = "<group>"; };
		875FEB31280E753300915661 /* GFAlertVC.swift */ = {isa = PBXFileReference; lastKnownFileType = sourcecode.swift; path = GFAlertVC.swift; sourceTree = "<group>"; };
		875FEB33280E923B00915661 /* UIViewController+Ext.swift */ = {isa = PBXFileReference; lastKnownFileType = sourcecode.swift; path = "UIViewController+Ext.swift"; sourceTree = "<group>"; };
		875FEB39280F2E8100915661 /* ContainerView.swift */ = {isa = PBXFileReference; lastKnownFileType = sourcecode.swift; path = ContainerView.swift; sourceTree = "<group>"; };
		87BCEB8F280CE89900A66D96 /* GithubTracker.app */ = {isa = PBXFileReference; explicitFileType = wrapper.application; includeInIndex = 0; path = GithubTracker.app; sourceTree = BUILT_PRODUCTS_DIR; };
		87BCEB92280CE89900A66D96 /* AppDelegate.swift */ = {isa = PBXFileReference; lastKnownFileType = sourcecode.swift; path = AppDelegate.swift; sourceTree = "<group>"; };
		87BCEB94280CE89900A66D96 /* SceneDelegate.swift */ = {isa = PBXFileReference; lastKnownFileType = sourcecode.swift; path = SceneDelegate.swift; sourceTree = "<group>"; };
		87BCEB96280CE89900A66D96 /* ViewController.swift */ = {isa = PBXFileReference; lastKnownFileType = sourcecode.swift; path = ViewController.swift; sourceTree = "<group>"; };
		87BCEB9B280CE89A00A66D96 /* Assets.xcassets */ = {isa = PBXFileReference; lastKnownFileType = folder.assetcatalog; path = Assets.xcassets; sourceTree = "<group>"; };
		87BCEB9E280CE89A00A66D96 /* Base */ = {isa = PBXFileReference; lastKnownFileType = file.storyboard; name = Base; path = Base.lproj/LaunchScreen.storyboard; sourceTree = "<group>"; };
		87BCEBA0280CE89A00A66D96 /* Info.plist */ = {isa = PBXFileReference; lastKnownFileType = text.plist.xml; path = Info.plist; sourceTree = "<group>"; };
		87BCEBA6280CF0AE00A66D96 /* SearchViewController.swift */ = {isa = PBXFileReference; lastKnownFileType = sourcecode.swift; path = SearchViewController.swift; sourceTree = "<group>"; };
		87BCEBA8280CF0DB00A66D96 /* FavListViewController.swift */ = {isa = PBXFileReference; lastKnownFileType = sourcecode.swift; path = FavListViewController.swift; sourceTree = "<group>"; };
/* End PBXFileReference section */

/* Begin PBXFrameworksBuildPhase section */
		87BCEB8C280CE89900A66D96 /* Frameworks */ = {
			isa = PBXFrameworksBuildPhase;
			buildActionMask = 2147483647;
			files = (
			);
			runOnlyForDeploymentPostprocessing = 0;
		};
/* End PBXFrameworksBuildPhase section */

/* Begin PBXGroup section */
		875FEB35280F2B3500915661 /* Screens */ = {
			isa = PBXGroup;
			children = (
				87BCEBA6280CF0AE00A66D96 /* SearchViewController.swift */,
				87BCEBA8280CF0DB00A66D96 /* FavListViewController.swift */,
				875FEB29280E34BC00915661 /* FollowerListViewController.swift */,
			);
			path = Screens;
			sourceTree = "<group>";
		};
		875FEB36280F2B8600915661 /* Custom Views */ = {
			isa = PBXGroup;
			children = (
				875FEB31280E753300915661 /* GFAlertVC.swift */,
				875FEB27280E1F0200915661 /* GFTextField.swift */,
				875FEB2D280E6CF200915661 /* GFTitleLabel.swift */,
				875FEB2F280E70FA00915661 /* GFBodyLabel.swift */,
				875FEB25280E1B5200915661 /* GFButton.swift */,
				875FEB39280F2E8100915661 /* ContainerView.swift */,
			);
			path = "Custom Views";
			sourceTree = "<group>";
		};
		875FEB37280F2BAB00915661 /* Extensions */ = {
			isa = PBXGroup;
			children = (
				875FEB33280E923B00915661 /* UIViewController+Ext.swift */,
				875FEB2B280E39A600915661 /* StringExtension.swift */,
			);
			path = Extensions;
			sourceTree = "<group>";
		};
		875FEB38280F2C1700915661 /* Support */ = {
			isa = PBXGroup;
			children = (
				87BCEB92280CE89900A66D96 /* AppDelegate.swift */,
				87BCEB94280CE89900A66D96 /* SceneDelegate.swift */,
				87BCEB9B280CE89A00A66D96 /* Assets.xcassets */,
				87BCEB9D280CE89A00A66D96 /* LaunchScreen.storyboard */,
			);
			path = Support;
			sourceTree = "<group>";
		};
		87BCEB86280CE89900A66D96 = {
			isa = PBXGroup;
			children = (
				87BCEB91280CE89900A66D96 /* GithubTracker */,
				87BCEB90280CE89900A66D96 /* Products */,
			);
			sourceTree = "<group>";
		};
		87BCEB90280CE89900A66D96 /* Products */ = {
			isa = PBXGroup;
			children = (
				87BCEB8F280CE89900A66D96 /* GithubTracker.app */,
			);
			name = Products;
			sourceTree = "<group>";
		};
		87BCEB91280CE89900A66D96 /* GithubTracker */ = {
			isa = PBXGroup;
			children = (
				875FEB38280F2C1700915661 /* Support */,
				875FEB37280F2BAB00915661 /* Extensions */,
				875FEB36280F2B8600915661 /* Custom Views */,
				875FEB35280F2B3500915661 /* Screens */,
				87BCEB96280CE89900A66D96 /* ViewController.swift */,
				87BCEBA0280CE89A00A66D96 /* Info.plist */,
			);
			path = GithubTracker;
			sourceTree = "<group>";
		};
/* End PBXGroup section */

/* Begin PBXNativeTarget section */
		87BCEB8E280CE89900A66D96 /* GithubTracker */ = {
			isa = PBXNativeTarget;
			buildConfigurationList = 87BCEBA3280CE89A00A66D96 /* Build configuration list for PBXNativeTarget "GithubTracker" */;
			buildPhases = (
				87BCEB8B280CE89900A66D96 /* Sources */,
				87BCEB8C280CE89900A66D96 /* Frameworks */,
				87BCEB8D280CE89900A66D96 /* Resources */,
			);
			buildRules = (
			);
			dependencies = (
			);
			name = GithubTracker;
			productName = GithubTracker;
			productReference = 87BCEB8F280CE89900A66D96 /* GithubTracker.app */;
			productType = "com.apple.product-type.application";
		};
/* End PBXNativeTarget section */

/* Begin PBXProject section */
		87BCEB87280CE89900A66D96 /* Project object */ = {
			isa = PBXProject;
			attributes = {
				BuildIndependentTargetsInParallel = 1;
				LastSwiftUpdateCheck = 1320;
				LastUpgradeCheck = 1320;
				TargetAttributes = {
					87BCEB8E280CE89900A66D96 = {
						CreatedOnToolsVersion = 13.2.1;
					};
				};
			};
			buildConfigurationList = 87BCEB8A280CE89900A66D96 /* Build configuration list for PBXProject "GithubTracker" */;
			compatibilityVersion = "Xcode 13.0";
			developmentRegion = en;
			hasScannedForEncodings = 0;
			knownRegions = (
				en,
				Base,
			);
			mainGroup = 87BCEB86280CE89900A66D96;
			productRefGroup = 87BCEB90280CE89900A66D96 /* Products */;
			projectDirPath = "";
			projectRoot = "";
			targets = (
				87BCEB8E280CE89900A66D96 /* GithubTracker */,
			);
		};
/* End PBXProject section */

/* Begin PBXResourcesBuildPhase section */
		87BCEB8D280CE89900A66D96 /* Resources */ = {
			isa = PBXResourcesBuildPhase;
			buildActionMask = 2147483647;
			files = (
				87BCEB9F280CE89A00A66D96 /* LaunchScreen.storyboard in Resources */,
				87BCEB9C280CE89A00A66D96 /* Assets.xcassets in Resources */,
			);
			runOnlyForDeploymentPostprocessing = 0;
		};
/* End PBXResourcesBuildPhase section */

/* Begin PBXSourcesBuildPhase section */
		87BCEB8B280CE89900A66D96 /* Sources */ = {
			isa = PBXSourcesBuildPhase;
			buildActionMask = 2147483647;
			files = (
				875FEB2A280E34BC00915661 /* FollowerListViewController.swift in Sources */,
				875FEB34280E923B00915661 /* UIViewController+Ext.swift in Sources */,
				87BCEB97280CE89900A66D96 /* ViewController.swift in Sources */,
				87BCEBA9280CF0DB00A66D96 /* FavListViewController.swift in Sources */,
				875FEB26280E1B5200915661 /* GFButton.swift in Sources */,
				875FEB32280E753300915661 /* GFAlertVC.swift in Sources */,
				87BCEB93280CE89900A66D96 /* AppDelegate.swift in Sources */,
				875FEB2C280E39A600915661 /* StringExtension.swift in Sources */,
				875FEB30280E70FA00915661 /* GFBodyLabel.swift in Sources */,
				87BCEBA7280CF0AE00A66D96 /* SearchViewController.swift in Sources */,
				87BCEB95280CE89900A66D96 /* SceneDelegate.swift in Sources */,
				875FEB2E280E6CF200915661 /* GFTitleLabel.swift in Sources */,
				875FEB3A280F2E8100915661 /* ContainerView.swift in Sources */,
				875FEB28280E1F0200915661 /* GFTextField.swift in Sources */,
			);
			runOnlyForDeploymentPostprocessing = 0;
		};
/* End PBXSourcesBuildPhase section */

/* Begin PBXVariantGroup section */
		87BCEB9D280CE89A00A66D96 /* LaunchScreen.storyboard */ = {
			isa = PBXVariantGroup;
			children = (
				87BCEB9E280CE89A00A66D96 /* Base */,
			);
			name = LaunchScreen.storyboard;
			sourceTree = "<group>";
		};
/* End PBXVariantGroup section */

/* Begin XCBuildConfiguration section */
		87BCEBA1280CE89A00A66D96 /* Debug */ = {
			isa = XCBuildConfiguration;
			buildSettings = {
				ALWAYS_SEARCH_USER_PATHS = NO;
				CLANG_ANALYZER_NONNULL = YES;
				CLANG_ANALYZER_NUMBER_OBJECT_CONVERSION = YES_AGGRESSIVE;
				CLANG_CXX_LANGUAGE_STANDARD = "gnu++17";
				CLANG_CXX_LIBRARY = "libc++";
				CLANG_ENABLE_MODULES = YES;
				CLANG_ENABLE_OBJC_ARC = YES;
				CLANG_ENABLE_OBJC_WEAK = YES;
				CLANG_WARN_BLOCK_CAPTURE_AUTORELEASING = YES;
				CLANG_WARN_BOOL_CONVERSION = YES;
				CLANG_WARN_COMMA = YES;
				CLANG_WARN_CONSTANT_CONVERSION = YES;
				CLANG_WARN_DEPRECATED_OBJC_IMPLEMENTATIONS = YES;
				CLANG_WARN_DIRECT_OBJC_ISA_USAGE = YES_ERROR;
				CLANG_WARN_DOCUMENTATION_COMMENTS = YES;
				CLANG_WARN_EMPTY_BODY = YES;
				CLANG_WARN_ENUM_CONVERSION = YES;
				CLANG_WARN_INFINITE_RECURSION = YES;
				CLANG_WARN_INT_CONVERSION = YES;
				CLANG_WARN_NON_LITERAL_NULL_CONVERSION = YES;
				CLANG_WARN_OBJC_IMPLICIT_RETAIN_SELF = YES;
				CLANG_WARN_OBJC_LITERAL_CONVERSION = YES;
				CLANG_WARN_OBJC_ROOT_CLASS = YES_ERROR;
				CLANG_WARN_QUOTED_INCLUDE_IN_FRAMEWORK_HEADER = YES;
				CLANG_WARN_RANGE_LOOP_ANALYSIS = YES;
				CLANG_WARN_STRICT_PROTOTYPES = YES;
				CLANG_WARN_SUSPICIOUS_MOVE = YES;
				CLANG_WARN_UNGUARDED_AVAILABILITY = YES_AGGRESSIVE;
				CLANG_WARN_UNREACHABLE_CODE = YES;
				CLANG_WARN__DUPLICATE_METHOD_MATCH = YES;
				COPY_PHASE_STRIP = NO;
				DEBUG_INFORMATION_FORMAT = dwarf;
				ENABLE_STRICT_OBJC_MSGSEND = YES;
				ENABLE_TESTABILITY = YES;
				GCC_C_LANGUAGE_STANDARD = gnu11;
				GCC_DYNAMIC_NO_PIC = NO;
				GCC_NO_COMMON_BLOCKS = YES;
				GCC_OPTIMIZATION_LEVEL = 0;
				GCC_PREPROCESSOR_DEFINITIONS = (
					"DEBUG=1",
					"$(inherited)",
				);
				GCC_WARN_64_TO_32_BIT_CONVERSION = YES;
				GCC_WARN_ABOUT_RETURN_TYPE = YES_ERROR;
				GCC_WARN_UNDECLARED_SELECTOR = YES;
				GCC_WARN_UNINITIALIZED_AUTOS = YES_AGGRESSIVE;
				GCC_WARN_UNUSED_FUNCTION = YES;
				GCC_WARN_UNUSED_VARIABLE = YES;
				IPHONEOS_DEPLOYMENT_TARGET = 15.2;
				MTL_ENABLE_DEBUG_INFO = INCLUDE_SOURCE;
				MTL_FAST_MATH = YES;
				ONLY_ACTIVE_ARCH = YES;
				SDKROOT = iphoneos;
				SWIFT_ACTIVE_COMPILATION_CONDITIONS = DEBUG;
				SWIFT_OPTIMIZATION_LEVEL = "-Onone";
			};
			name = Debug;
		};
		87BCEBA2280CE89A00A66D96 /* Release */ = {
			isa = XCBuildConfiguration;
			buildSettings = {
				ALWAYS_SEARCH_USER_PATHS = NO;
				CLANG_ANALYZER_NONNULL = YES;
				CLANG_ANALYZER_NUMBER_OBJECT_CONVERSION = YES_AGGRESSIVE;
				CLANG_CXX_LANGUAGE_STANDARD = "gnu++17";
				CLANG_CXX_LIBRARY = "libc++";
				CLANG_ENABLE_MODULES = YES;
				CLANG_ENABLE_OBJC_ARC = YES;
				CLANG_ENABLE_OBJC_WEAK = YES;
				CLANG_WARN_BLOCK_CAPTURE_AUTORELEASING = YES;
				CLANG_WARN_BOOL_CONVERSION = YES;
				CLANG_WARN_COMMA = YES;
				CLANG_WARN_CONSTANT_CONVERSION = YES;
				CLANG_WARN_DEPRECATED_OBJC_IMPLEMENTATIONS = YES;
				CLANG_WARN_DIRECT_OBJC_ISA_USAGE = YES_ERROR;
				CLANG_WARN_DOCUMENTATION_COMMENTS = YES;
				CLANG_WARN_EMPTY_BODY = YES;
				CLANG_WARN_ENUM_CONVERSION = YES;
				CLANG_WARN_INFINITE_RECURSION = YES;
				CLANG_WARN_INT_CONVERSION = YES;
				CLANG_WARN_NON_LITERAL_NULL_CONVERSION = YES;
				CLANG_WARN_OBJC_IMPLICIT_RETAIN_SELF = YES;
				CLANG_WARN_OBJC_LITERAL_CONVERSION = YES;
				CLANG_WARN_OBJC_ROOT_CLASS = YES_ERROR;
				CLANG_WARN_QUOTED_INCLUDE_IN_FRAMEWORK_HEADER = YES;
				CLANG_WARN_RANGE_LOOP_ANALYSIS = YES;
				CLANG_WARN_STRICT_PROTOTYPES = YES;
				CLANG_WARN_SUSPICIOUS_MOVE = YES;
				CLANG_WARN_UNGUARDED_AVAILABILITY = YES_AGGRESSIVE;
				CLANG_WARN_UNREACHABLE_CODE = YES;
				CLANG_WARN__DUPLICATE_METHOD_MATCH = YES;
				COPY_PHASE_STRIP = NO;
				DEBUG_INFORMATION_FORMAT = "dwarf-with-dsym";
				ENABLE_NS_ASSERTIONS = NO;
				ENABLE_STRICT_OBJC_MSGSEND = YES;
				GCC_C_LANGUAGE_STANDARD = gnu11;
				GCC_NO_COMMON_BLOCKS = YES;
				GCC_WARN_64_TO_32_BIT_CONVERSION = YES;
				GCC_WARN_ABOUT_RETURN_TYPE = YES_ERROR;
				GCC_WARN_UNDECLARED_SELECTOR = YES;
				GCC_WARN_UNINITIALIZED_AUTOS = YES_AGGRESSIVE;
				GCC_WARN_UNUSED_FUNCTION = YES;
				GCC_WARN_UNUSED_VARIABLE = YES;
				IPHONEOS_DEPLOYMENT_TARGET = 15.2;
				MTL_ENABLE_DEBUG_INFO = NO;
				MTL_FAST_MATH = YES;
				SDKROOT = iphoneos;
				SWIFT_COMPILATION_MODE = wholemodule;
				SWIFT_OPTIMIZATION_LEVEL = "-O";
				VALIDATE_PRODUCT = YES;
			};
			name = Release;
		};
		87BCEBA4280CE89A00A66D96 /* Debug */ = {
			isa = XCBuildConfiguration;
			buildSettings = {
				ASSETCATALOG_COMPILER_APPICON_NAME = AppIcon;
				ASSETCATALOG_COMPILER_GLOBAL_ACCENT_COLOR_NAME = AccentColor;
				CODE_SIGN_STYLE = Automatic;
				CURRENT_PROJECT_VERSION = 1;
				DEVELOPMENT_TEAM = 2EDDZGZ55S;
				GENERATE_INFOPLIST_FILE = YES;
				INFOPLIST_FILE = GithubTracker/Info.plist;
				INFOPLIST_KEY_UIApplicationSupportsIndirectInputEvents = YES;
				INFOPLIST_KEY_UILaunchStoryboardName = LaunchScreen;
				INFOPLIST_KEY_UISupportedInterfaceOrientations = UIInterfaceOrientationPortrait;
				INFOPLIST_KEY_UISupportedInterfaceOrientations_iPad = "UIInterfaceOrientationPortrait UIInterfaceOrientationPortraitUpsideDown UIInterfaceOrientationLandscapeLeft UIInterfaceOrientationLandscapeRight";
				INFOPLIST_KEY_UISupportedInterfaceOrientations_iPhone = "UIInterfaceOrientationPortrait UIInterfaceOrientationLandscapeLeft UIInterfaceOrientationLandscapeRight";
				LD_RUNPATH_SEARCH_PATHS = (
					"$(inherited)",
					"@executable_path/Frameworks",
				);
				MARKETING_VERSION = 1.0;
				PRODUCT_BUNDLE_IDENTIFIER = jandaur.anmol.GithubTracker;
				PRODUCT_NAME = "$(TARGET_NAME)";
				SWIFT_EMIT_LOC_STRINGS = YES;
				SWIFT_VERSION = 5.0;
				TARGETED_DEVICE_FAMILY = "1,2";
			};
			name = Debug;
		};
		87BCEBA5280CE89A00A66D96 /* Release */ = {
			isa = XCBuildConfiguration;
			buildSettings = {
				ASSETCATALOG_COMPILER_APPICON_NAME = AppIcon;
				ASSETCATALOG_COMPILER_GLOBAL_ACCENT_COLOR_NAME = AccentColor;
				CODE_SIGN_STYLE = Automatic;
				CURRENT_PROJECT_VERSION = 1;
				DEVELOPMENT_TEAM = 2EDDZGZ55S;
				GENERATE_INFOPLIST_FILE = YES;
				INFOPLIST_FILE = GithubTracker/Info.plist;
				INFOPLIST_KEY_UIApplicationSupportsIndirectInputEvents = YES;
				INFOPLIST_KEY_UILaunchStoryboardName = LaunchScreen;
				INFOPLIST_KEY_UISupportedInterfaceOrientations = UIInterfaceOrientationPortrait;
				INFOPLIST_KEY_UISupportedInterfaceOrientations_iPad = "UIInterfaceOrientationPortrait UIInterfaceOrientationPortraitUpsideDown UIInterfaceOrientationLandscapeLeft UIInterfaceOrientationLandscapeRight";
				INFOPLIST_KEY_UISupportedInterfaceOrientations_iPhone = "UIInterfaceOrientationPortrait UIInterfaceOrientationLandscapeLeft UIInterfaceOrientationLandscapeRight";
				LD_RUNPATH_SEARCH_PATHS = (
					"$(inherited)",
					"@executable_path/Frameworks",
				);
				MARKETING_VERSION = 1.0;
				PRODUCT_BUNDLE_IDENTIFIER = jandaur.anmol.GithubTracker;
				PRODUCT_NAME = "$(TARGET_NAME)";
				SWIFT_EMIT_LOC_STRINGS = YES;
				SWIFT_VERSION = 5.0;
				TARGETED_DEVICE_FAMILY = "1,2";
			};
			name = Release;
		};
/* End XCBuildConfiguration section */

/* Begin XCConfigurationList section */
		87BCEB8A280CE89900A66D96 /* Build configuration list for PBXProject "GithubTracker" */ = {
			isa = XCConfigurationList;
			buildConfigurations = (
				87BCEBA1280CE89A00A66D96 /* Debug */,
				87BCEBA2280CE89A00A66D96 /* Release */,
			);
			defaultConfigurationIsVisible = 0;
			defaultConfigurationName = Release;
		};
		87BCEBA3280CE89A00A66D96 /* Build configuration list for PBXNativeTarget "GithubTracker" */ = {
			isa = XCConfigurationList;
			buildConfigurations = (
				87BCEBA4280CE89A00A66D96 /* Debug */,
				87BCEBA5280CE89A00A66D96 /* Release */,
			);
			defaultConfigurationIsVisible = 0;
			defaultConfigurationName = Release;
		};
/* End XCConfigurationList section */
	};
	rootObject = 87BCEB87280CE89900A66D96 /* Project object */;
}
